NeoBundleLock JSON.vim 3c602d4b5dac674d7f1fd8da56e834ff8f1cc9c7
NeoBundleLock YankRing.vim 28854abef8fa4ebd3cb219aefcf22566997d8f65
NeoBundleLock autodate.vim 32c272063f2602d57882c83fea2cd7496776eb83
NeoBundleLock emmet-vim 2c429485ec9b545c6b7c7e99738b4b8824fea59d
NeoBundleLock js-beautify 1d335884ed049da645506bf1ec344720f4f424df
NeoBundleLock neobundle.vim e1832e15bcaca00322a203713387d3ce5d373f74
NeoBundleLock neocomplcache 778181767467b8f8016828898779a646074d883a
NeoBundleLock neomru.vim a52b644475156d397117b2e7920849fb9f1c8901
NeoBundleLock neosnippet 076005456012de32e2f0e5bb6d092f22d30d611d
NeoBundleLock neosnippet-snippets 9f419f1897c5eacfbb62f4c4a67f6576ac78c721
NeoBundleLock sudo.vim 060f0250d6f399d1cf9b15eaad3d55b3fbad4b0d
NeoBundleLock syntastic 47c70b3e1e388d8f9cc7c6d9687efc047df843ac
NeoBundleLock unite.vim 3a25f2a1992e0e39d62a2034590580df540d8b80
NeoBundleLock vim-alignta cb3d593c48d7d3aef829b5aff49ddade24417a9f
NeoBundleLock vim-coffee-script 32fe889b8cafd3a4921ef8e6485156453ff58c42
NeoBundleLock vim-fugitive b319b694539017dcd789dc2c42f784a30d7b28b8
NeoBundleLock vim-jsbeautify eecd27c9b09ef64e74b42ae48bb18f189eee20c0
NeoBundleLock vim-less 55a98f0df05195b0addb76b0d5479d421f72d104
NeoBundleLock vim-quickrun ec9f7f2c26dd49ffaf4f3ce8c6254c76696fbf41
NeoBundleLock vim-ref 007b0ac409100cf2b83eb7dace5c8235e3737fef
NeoBundleLock vim-symfony cf34106d2449449f7a466fcfd6017647dab0984a
NeoBundleLock vim-twig 69acd8d4386727affa345d39ea42d149771c2647
NeoBundleLock vimproc 9cd1edd344e0451a14d9574f555de0c51efe6819
